<?xml version="1.0" encoding="utf-8"?>
<Project ToolsVersion="4.0" xmlns="http://schemas.microsoft.com/developer/msbuild/2003">
  <ItemGroup>
    <Filter Include="Source Files">
      <UniqueIdentifier>{4FC737F1-C7A5-4376-A066-2A32D752A2FF}</UniqueIdentifier>
      <Extensions>cpp;c;cc;cxx;def;odl;idl;hpj;bat;asm;asmx</Extensions>
    </Filter>
    <Filter Include="Header Files">
      <UniqueIdentifier>{93995380-89BD-4b04-88EB-625FBE52EBFB}</UniqueIdentifier>
      <Extensions>h;hh;hpp;hxx;hm;inl;inc;ipp;xsd</Extensions>
    </Filter>
    <Filter Include="Resource Files">
      <UniqueIdentifier>{67DA6AB6-F800-4c08-8B7A-83BB121AAD01}</UniqueIdentifier>
      <Extensions>rc;ico;cur;bmp;dlg;rc2;rct;bin;rgs;gif;jpg;jpeg;jpe;resx;tiff;tif;png;wav;mfcribbon-ms</Extensions>
    </Filter>
    <Filter Include="Header Files\ASN.1 to BER %28A2B%29">
      <UniqueIdentifier>{06975d00-26f5-4fa0-a2dd-1bbf329c2edf}</UniqueIdentifier>
    </Filter>
    <Filter Include="Header Files\ASN.1 to BER %28A2B%29\Configuration">
      <UniqueIdentifier>{fb8301ce-6977-4636-9b55-efb1a4619847}</UniqueIdentifier>
    </Filter>
    <Filter Include="Source Files\ASN.1 to BER %28A2B%29">
      <UniqueIdentifier>{8c94b508-1246-4974-8155-239cb90a19dd}</UniqueIdentifier>
    </Filter>
    <Filter Include="Header Files\ASN.1 to BER %28A2B%29\CustomSequences %28Seq%29">
      <UniqueIdentifier>{3ad706ca-2dd0-4e98-8ce8-334f50e353da}</UniqueIdentifier>
    </Filter>
    <Filter Include="Source Files\ASN.1 to BER %28A2B%29\Custom Sequences %28Seq%29">
      <UniqueIdentifier>{5ff1e978-dfc5-4e62-b8f9-018bee4fbbf3}</UniqueIdentifier>
    </Filter>
    <Filter Include="Header Files\AES in ECB Mode %28AiE%29">
      <UniqueIdentifier>{37b014dc-0c80-434f-8568-bb765f9cb185}</UniqueIdentifier>
    </Filter>
    <Filter Include="Source Files\AES in ECB Mode %28AiE%29">
      <UniqueIdentifier>{2fbbce63-4515-4aab-8826-ac10e97592b4}</UniqueIdentifier>
    </Filter>
    <Filter Include="Source Files\Utilities %28UTL%29">
      <UniqueIdentifier>{0c9ebe77-0f7d-4a58-8d8f-90e7d287850b}</UniqueIdentifier>
    </Filter>
    <Filter Include="Header Files\Utilities %28UTL%29">
      <UniqueIdentifier>{442a6fe0-f6c7-44fc-8a54-4896633723f0}</UniqueIdentifier>
    </Filter>
    <Filter Include="Header Files\Utilities %28UTL%29\Configuration">
      <UniqueIdentifier>{72a2e66d-aa79-4000-9034-287fe3cc75e1}</UniqueIdentifier>
    </Filter>
    <Filter Include="Header Files\AES in GCM Mode %28AiG%29">
      <UniqueIdentifier>{8c49c8cc-1c84-4c19-b532-3759f4fd89f2}</UniqueIdentifier>
    </Filter>
    <Filter Include="Source Files\AES in GCM Mode %28AiG%29">
      <UniqueIdentifier>{33e6aeb0-b7a4-4f94-b954-6f20440cbfe1}</UniqueIdentifier>
    </Filter>
    <Filter Include="Source Files\RSA %28RSA%29">
      <UniqueIdentifier>{785d8787-71ac-47ec-9878-2cf54b02e850}</UniqueIdentifier>
    </Filter>
    <Filter Include="Header Files\RSA %28RSA%29">
      <UniqueIdentifier>{dcdad55d-8fec-4959-900a-84ea7c325c04}</UniqueIdentifier>
    </Filter>
    <Filter Include="Header Files\Final Homework I %28FH1%29">
      <UniqueIdentifier>{62b10f3d-c058-4587-8169-3bd86748a2bd}</UniqueIdentifier>
    </Filter>
    <Filter Include="Source Files\Final Homework I %28FH1%29">
      <UniqueIdentifier>{2b268f6c-f05a-4259-8153-b5b19360df9f}</UniqueIdentifier>
    </Filter>
    <Filter Include="Resource Files\Final Homework I %28FH1%29">
      <UniqueIdentifier>{5553f4f0-ddc0-4755-a83d-6fe3ebd457a1}</UniqueIdentifier>
    </Filter>
    <Filter Include="Header Files\Final Homework V %28FH5%29">
      <UniqueIdentifier>{f65af3c0-cd1f-4e74-a5a8-3fdbd61efef8}</UniqueIdentifier>
    </Filter>
    <Filter Include="Source Files\Final Homework V %28FH5%29">
      <UniqueIdentifier>{8b6f5ed8-f5f5-423d-9533-6cb008b44fbf}</UniqueIdentifier>
    </Filter>
    <Filter Include="Resource Files\Final Homework V %28FH5%29">
      <UniqueIdentifier>{5deceffe-00aa-4be1-807d-fb4c8dfb43e6}</UniqueIdentifier>
    </Filter>
    <Filter Include="Header Files\Final Homework II %28FH2%29">
      <UniqueIdentifier>{4de96f7e-6f37-4547-a18f-a81a3fe39951}</UniqueIdentifier>
    </Filter>
    <Filter Include="Header Files\Final Homework IV %28FH4%29">
      <UniqueIdentifier>{92fce44f-57ec-4f0b-a015-3a5c01acf6e2}</UniqueIdentifier>
    </Filter>
    <Filter Include="Source Files\Final Homework IV %28FH4%29">
      <UniqueIdentifier>{a31070c5-e6c4-4c39-a2f0-3e2ebc4ed31e}</UniqueIdentifier>
    </Filter>
    <Filter Include="Source Files\Final Homework II %28FH2%29">
      <UniqueIdentifier>{3f1acf94-e352-4417-b124-b4743ff8c8af}</UniqueIdentifier>
    </Filter>
    <Filter Include="Resource Files\Final Homework II %28FH2%29">
      <UniqueIdentifier>{12a0aa7b-069d-40ca-bb4e-b916f8a3cac7}</UniqueIdentifier>
    </Filter>
    <Filter Include="Header Files\Final Homework III %28FH3%29">
      <UniqueIdentifier>{8a0b07de-a045-413d-8570-e5a48c5689ec}</UniqueIdentifier>
    </Filter>
    <Filter Include="Source Files\Final Homework III %28FH3%29">
      <UniqueIdentifier>{26cfda62-60f5-4623-8735-dd62a869368e}</UniqueIdentifier>
    </Filter>
    <Filter Include="Resource Files\Final Homework III %28FH3%29">
      <UniqueIdentifier>{6b8f8072-4fde-4de5-a44b-c8095936a653}</UniqueIdentifier>
    </Filter>
  </ItemGroup>
  <ItemGroup>
    <ClInclude Include="A2B_Seq_FullName.h">
      <Filter>Header Files\ASN.1 to BER %28A2B%29\CustomSequences %28Seq%29</Filter>
    </ClInclude>
    <ClInclude Include="A2B_Seq_Homework.h">
      <Filter>Header Files\ASN.1 to BER %28A2B%29\CustomSequences %28Seq%29</Filter>
    </ClInclude>
    <ClInclude Include="A2B_Seq_Student.h">
      <Filter>Header Files\ASN.1 to BER %28A2B%29\CustomSequences %28Seq%29</Filter>
    </ClInclude>
    <ClInclude Include="A2B_Configuration.h">
      <Filter>Header Files\ASN.1 to BER %28A2B%29\Configuration</Filter>
    </ClInclude>
    <ClInclude Include="UTL_Output.h">
      <Filter>Header Files\Utilities %28UTL%29</Filter>
    </ClInclude>
    <ClInclude Include="A2B_Main.h">
      <Filter>Header Files\ASN.1 to BER %28A2B%29</Filter>
    </ClInclude>
    <ClInclude Include="AiE_Main.h">
      <Filter>Header Files\AES in ECB Mode %28AiE%29</Filter>
    </ClInclude>
    <ClInclude Include="UTL_Input.h">
      <Filter>Header Files\Utilities %28UTL%29</Filter>
    </ClInclude>
    <ClInclude Include="UTL_Crypto.h">
      <Filter>Header Files\Utilities %28UTL%29</Filter>
    </ClInclude>
    <ClInclude Include="UTL_Configuration.h">
      <Filter>Header Files\Utilities %28UTL%29\Configuration</Filter>
    </ClInclude>
    <ClInclude Include="UTL_Math.h">
      <Filter>Header Files\Utilities %28UTL%29</Filter>
    </ClInclude>
    <ClInclude Include="AiG_Main.h">
      <Filter>Header Files\AES in GCM Mode %28AiG%29</Filter>
    </ClInclude>
    <ClInclude Include="RSA_Main.h">
      <Filter>Header Files\RSA %28RSA%29</Filter>
    </ClInclude>
    <ClInclude Include="RSA_Output.h">
      <Filter>Header Files\RSA %28RSA%29</Filter>
    </ClInclude>
    <ClInclude Include="FH1_Main.h">
      <Filter>Header Files\Final Homework I %28FH1%29</Filter>
    </ClInclude>
    <ClInclude Include="FH5_Main.h">
      <Filter>Header Files\Final Homework V %28FH5%29</Filter>
    </ClInclude>
    <ClInclude Include="RSA_Input.h">
      <Filter>Header Files\RSA %28RSA%29</Filter>
    </ClInclude>
    <ClInclude Include="UTL_Types.h">
      <Filter>Header Files\Utilities %28UTL%29</Filter>
    </ClInclude>
    <ClInclude Include="FH4_Main.h">
      <Filter>Header Files\Final Homework IV %28FH4%29</Filter>
    </ClInclude>
    <ClInclude Include="UTL_Logger.h">
      <Filter>Header Files\Utilities %28UTL%29</Filter>
    </ClInclude>
    <ClInclude Include="FH2_Main.h">
      <Filter>Header Files\Final Homework II %28FH2%29</Filter>
    </ClInclude>
    <ClInclude Include="FH3_Main.h">
      <Filter>Header Files\Final Homework III %28FH3%29</Filter>
    </ClInclude>
    <ClInclude Include="UTL_Enumerations.h">
      <Filter>Header Files\Utilities %28UTL%29</Filter>
    </ClInclude>
    <ClInclude Include="FH4_Internals.h">
      <Filter>Header Files\Final Homework IV %28FH4%29</Filter>
    </ClInclude>
    <ClInclude Include="FH3_Internals.h">
      <Filter>Header Files\Final Homework III %28FH3%29</Filter>
    </ClInclude>
    <ClInclude Include="FH5_Internals.h">
      <Filter>Header Files\Final Homework V %28FH5%29</Filter>
    </ClInclude>
    <ClInclude Include="AiG_Internals.h">
      <Filter>Header Files\AES in GCM Mode %28AiG%29</Filter>
    </ClInclude>
    <ClInclude Include="RSA_Internals.h">
      <Filter>Header Files\RSA %28RSA%29</Filter>
    </ClInclude>
    <ClInclude Include="FH2_Internals.h">
      <Filter>Header Files\Final Homework II %28FH2%29</Filter>
    </ClInclude>
    <ClInclude Include="UTL_Macros.h">
      <Filter>Header Files\Utilities %28UTL%29</Filter>
    </ClInclude>
    <ClInclude Include="FH1_Internals.h">
      <Filter>Header Files\Final Homework I %28FH1%29</Filter>
    </ClInclude>
  </ItemGroup>
  <ItemGroup>
    <ClCompile Include="A2B_Seq_Student.c">
      <Filter>Source Files\ASN.1 to BER %28A2B%29\Custom Sequences %28Seq%29</Filter>
    </ClCompile>
    <ClCompile Include="A2B_Seq_Homework.c">
      <Filter>Source Files\ASN.1 to BER %28A2B%29\Custom Sequences %28Seq%29</Filter>
    </ClCompile>
    <ClCompile Include="A2B_Seq_FullName.c">
      <Filter>Source Files\ASN.1 to BER %28A2B%29\Custom Sequences %28Seq%29</Filter>
    </ClCompile>
    <ClCompile Include="UTL_Output.c">
      <Filter>Source Files\Utilities %28UTL%29</Filter>
    </ClCompile>
    <ClCompile Include="AiE_Main.c">
      <Filter>Source Files\AES in ECB Mode %28AiE%29</Filter>
    </ClCompile>
    <ClCompile Include="UTL_Input.c">
      <Filter>Source Files\Utilities %28UTL%29</Filter>
    </ClCompile>
    <ClCompile Include="UTL_Crypto.c">
      <Filter>Source Files\Utilities %28UTL%29</Filter>
    </ClCompile>
    <ClCompile Include="A2B_Main.c">
      <Filter>Source Files\ASN.1 to BER %28A2B%29</Filter>
    </ClCompile>
    <ClCompile Include="Main.c">
      <Filter>Source Files</Filter>
    </ClCompile>
    <ClCompile Include="AiG_Main.c">
      <Filter>Source Files\AES in GCM Mode %28AiG%29</Filter>
    </ClCompile>
    <ClCompile Include="RSA_Main.c">
      <Filter>Source Files\RSA %28RSA%29</Filter>
    </ClCompile>
    <ClCompile Include="RSA_Elements.c">
      <Filter>Source Files\RSA %28RSA%29</Filter>
    </ClCompile>
    <ClCompile Include="RSA_Output.c">
      <Filter>Source Files\RSA %28RSA%29</Filter>
    </ClCompile>
    <ClCompile Include="FH5_Main.c">
      <Filter>Source Files\Final Homework V %28FH5%29</Filter>
    </ClCompile>
    <ClCompile Include="RSA_Input.c">
      <Filter>Source Files\RSA %28RSA%29</Filter>
    </ClCompile>
    <ClCompile Include="FH4_Main.c">
      <Filter>Source Files\Final Homework IV %28FH4%29</Filter>
    </ClCompile>
    <ClCompile Include="FH2_Main.c">
      <Filter>Source Files\Final Homework II %28FH2%29</Filter>
    </ClCompile>
    <ClCompile Include="FH3_Main.c">
      <Filter>Source Files\Final Homework III %28FH3%29</Filter>
    </ClCompile>
    <ClCompile Include="FH4_Internals.c">
      <Filter>Source Files\Final Homework IV %28FH4%29</Filter>
    </ClCompile>
    <ClCompile Include="FH3_Internals.c">
      <Filter>Source Files\Final Homework III %28FH3%29</Filter>
    </ClCompile>
    <ClCompile Include="FH5_Internals.c">
      <Filter>Source Files\Final Homework V %28FH5%29</Filter>
    </ClCompile>
    <ClCompile Include="AiG_Internals.c">
      <Filter>Source Files\AES in GCM Mode %28AiG%29</Filter>
    </ClCompile>
    <ClCompile Include="FH2_Internals.c">
      <Filter>Source Files\Final Homework II %28FH2%29</Filter>
    </ClCompile>
    <ClCompile Include="FH1_Internals.c">
      <Filter>Source Files\Final Homework I %28FH1%29</Filter>
    </ClCompile>
    <ClCompile Include="FH1_Main.c">
      <Filter>Source Files\Final Homework I %28FH1%29</Filter>
    </ClCompile>
  </ItemGroup>
  <ItemGroup>
    <None Include="Additional Files\5\input.sigature">
      <Filter>Resource Files\Final Homework V %28FH5%29</Filter>
    </None>
    <None Include="Additional Files\5\private.key">
      <Filter>Resource Files\Final Homework V %28FH5%29</Filter>
    </None>
    <None Include="Additional Files\1\Homework.docx">
      <Filter>Resource Files\Final Homework I %28FH1%29</Filter>
    </None>
    <None Include="Additional Files\2\private.key">
      <Filter>Resource Files\Final Homework II %28FH2%29</Filter>
    </None>
    <None Include="Additional Files\2\public.key">
      <Filter>Resource Files\Final Homework II %28FH2%29</Filter>
    </None>
    <None Include="Additional Files\3\encrypted_document.aes">
      <Filter>Resource Files\Final Homework III %28FH3%29</Filter>
    </None>
    <None Include="Additional Files\3\parameters.bin">
      <Filter>Resource Files\Final Homework III %28FH3%29</Filter>
    </None>
    <None Include="Additional Files\3\rsakey.prv">
      <Filter>Resource Files\Final Homework III %28FH3%29</Filter>
    </None>
    <None Include="Additional Files\3\rsakey.pub">
      <Filter>Resource Files\Final Homework III %28FH3%29</Filter>
    </None>
  </ItemGroup>
  <ItemGroup>
    <Text Include="Additional Files\5\input.txt">
      <Filter>Resource Files\Final Homework V %28FH5%29</Filter>
    </Text>
    <Text Include="Additional Files\2\data.txt">
      <Filter>Resource Files\Final Homework II %28FH2%29</Filter>
    </Text>
    <Text Include="Additional Files\3\decrypted_document.txt">
      <Filter>Resource Files\Final Homework III %28FH3%29</Filter>
    </Text>
    <Text Include="Additional Files\3\document.txt">
      <Filter>Resource Files\Final Homework III %28FH3%29</Filter>
    </Text>
  </ItemGroup>
</Project>